
Microsoft Visual Studio Solution File, Format Version 12.00
# Visual Studio 15
VisualStudioVersion = 15.0.26124.0
MinimumVisualStudioVersion = 15.0.26124.0
Project("{FAE04EC0-301F-11D3-BF4B-00C04F79EFBC}") = "LibraryOffice.API", "LibraryOffice.API\LibraryOffice.API.csproj", "{232D4492-C299-43C1-B747-7903D1BD5E54}"
EndProject
Project("{FAE04EC0-301F-11D3-BF4B-00C04F79EFBC}") = "LibraryOffice.Domain", "LibraryOffice.Domain\LibraryOffice.Domain.csproj", "{D9526D77-458C-4272-8683-495EA1625789}"
EndProject
Project("{FAE04EC0-301F-11D3-BF4B-00C04F79EFBC}") = "LibraryOffice.Repository", "LibraryOffice.Repository\LibraryOffice.Repository.csproj", "{C3902A36-B530-4D37-A752-94F02584D564}"
EndProject
Project("{FAE04EC0-301F-11D3-BF4B-00C04F79EFBC}") = "LibraryOffice.Service", "LibraryOffice.Service\LibraryOffice.Service.csproj", "{8349C49E-AB19-4B95-8D5E-477DB0DB04F7}"
EndProject
Global
	GlobalSection(SolutionConfigurationPlatforms) = preSolution
		Debug|Any CPU = Debug|Any CPU
		Debug|x64 = Debug|x64
		Debug|x86 = Debug|x86
		Release|Any CPU = Release|Any CPU
		Release|x64 = Release|x64
		Release|x86 = Release|x86
	EndGlobalSection
	GlobalSection(SolutionProperties) = preSolution
		HideSolutionNode = FALSE
	EndGlobalSection
	GlobalSection(ProjectConfigurationPlatforms) = postSolution
		{232D4492-C299-43C1-B747-7903D1BD5E54}.Debug|Any CPU.ActiveCfg = Debug|Any CPU
		{232D4492-C299-43C1-B747-7903D1BD5E54}.Debug|Any CPU.Build.0 = Debug|Any CPU
		{232D4492-C299-43C1-B747-7903D1BD5E54}.Debug|x64.ActiveCfg = Debug|Any CPU
		{232D4492-C299-43C1-B747-7903D1BD5E54}.Debug|x64.Build.0 = Debug|Any CPU
		{232D4492-C299-43C1-B747-7903D1BD5E54}.Debug|x86.ActiveCfg = Debug|Any CPU
		{232D4492-C299-43C1-B747-7903D1BD5E54}.Debug|x86.Build.0 = Debug|Any CPU
		{232D4492-C299-43C1-B747-7903D1BD5E54}.Release|Any CPU.ActiveCfg = Release|Any CPU
		{232D4492-C299-43C1-B747-7903D1BD5E54}.Release|Any CPU.Build.0 = Release|Any CPU
		{232D4492-C299-43C1-B747-7903D1BD5E54}.Release|x64.ActiveCfg = Release|Any CPU
		{232D4492-C299-43C1-B747-7903D1BD5E54}.Release|x64.Build.0 = Release|Any CPU
		{232D4492-C299-43C1-B747-7903D1BD5E54}.Release|x86.ActiveCfg = Release|Any CPU
		{232D4492-C299-43C1-B747-7903D1BD5E54}.Release|x86.Build.0 = Release|Any CPU
		{D9526D77-458C-4272-8683-495EA1625789}.Debug|Any CPU.ActiveCfg = Debug|Any CPU
		{D9526D77-458C-4272-8683-495EA1625789}.Debug|Any CPU.Build.0 = Debug|Any CPU
		{D9526D77-458C-4272-8683-495EA1625789}.Debug|x64.ActiveCfg = Debug|Any CPU
		{D9526D77-458C-4272-8683-495EA1625789}.Debug|x64.Build.0 = Debug|Any CPU
		{D9526D77-458C-4272-8683-495EA1625789}.Debug|x86.ActiveCfg = Debug|Any CPU
		{D9526D77-458C-4272-8683-495EA1625789}.Debug|x86.Build.0 = Debug|Any CPU
		{D9526D77-458C-4272-8683-495EA1625789}.Release|Any CPU.ActiveCfg = Release|Any CPU
		{D9526D77-458C-4272-8683-495EA1625789}.Release|Any CPU.Build.0 = Release|Any CPU
		{D9526D77-458C-4272-8683-495EA1625789}.Release|x64.ActiveCfg = Release|Any CPU
		{D9526D77-458C-4272-8683-495EA1625789}.Release|x64.Build.0 = Release|Any CPU
		{D9526D77-458C-4272-8683-495EA1625789}.Release|x86.ActiveCfg = Release|Any CPU
		{D9526D77-458C-4272-8683-495EA1625789}.Release|x86.Build.0 = Release|Any CPU
		{C3902A36-B530-4D37-A752-94F02584D564}.Debug|Any CPU.ActiveCfg = Debug|Any CPU
		{C3902A36-B530-4D37-A752-94F02584D564}.Debug|Any CPU.Build.0 = Debug|Any CPU
		{C3902A36-B530-4D37-A752-94F02584D564}.Debug|x64.ActiveCfg = Debug|Any CPU
		{C3902A36-B530-4D37-A752-94F02584D564}.Debug|x64.Build.0 = Debug|Any CPU
		{C3902A36-B530-4D37-A752-94F02584D564}.Debug|x86.ActiveCfg = Debug|Any CPU
		{C3902A36-B530-4D37-A752-94F02584D564}.Debug|x86.Build.0 = Debug|Any CPU
		{C3902A36-B530-4D37-A752-94F02584D564}.Release|Any CPU.ActiveCfg = Release|Any CPU
		{C3902A36-B530-4D37-A752-94F02584D564}.Release|Any CPU.Build.0 = Release|Any CPU
		{C3902A36-B530-4D37-A752-94F02584D564}.Release|x64.ActiveCfg = Release|Any CPU
		{C3902A36-B530-4D37-A752-94F02584D564}.Release|x64.Build.0 = Release|Any CPU
		{C3902A36-B530-4D37-A752-94F02584D564}.Release|x86.ActiveCfg = Release|Any CPU
		{C3902A36-B530-4D37-A752-94F02584D564}.Release|x86.Build.0 = Release|Any CPU
		{8349C49E-AB19-4B95-8D5E-477DB0DB04F7}.Debug|Any CPU.ActiveCfg = Debug|Any CPU
		{8349C49E-AB19-4B95-8D5E-477DB0DB04F7}.Debug|Any CPU.Build.0 = Debug|Any CPU
		{8349C49E-AB19-4B95-8D5E-477DB0DB04F7}.Debug|x64.ActiveCfg = Debug|Any CPU
		{8349C49E-AB19-4B95-8D5E-477DB0DB04F7}.Debug|x64.Build.0 = Debug|Any CPU
		{8349C49E-AB19-4B95-8D5E-477DB0DB04F7}.Debug|x86.ActiveCfg = Debug|Any CPU
		{8349C49E-AB19-4B95-8D5E-477DB0DB04F7}.Debug|x86.Build.0 = Debug|Any CPU
		{8349C49E-AB19-4B95-8D5E-477DB0DB04F7}.Release|Any CPU.ActiveCfg = Release|Any CPU
		{8349C49E-AB19-4B95-8D5E-477DB0DB04F7}.Release|Any CPU.Build.0 = Release|Any CPU
		{8349C49E-AB19-4B95-8D5E-477DB0DB04F7}.Release|x64.ActiveCfg = Release|Any CPU
		{8349C49E-AB19-4B95-8D5E-477DB0DB04F7}.Release|x64.Build.0 = Release|Any CPU
		{8349C49E-AB19-4B95-8D5E-477DB0DB04F7}.Release|x86.ActiveCfg = Release|Any CPU
		{8349C49E-AB19-4B95-8D5E-477DB0DB04F7}.Release|x86.Build.0 = Release|Any CPU
	EndGlobalSection
EndGlobal
